
Microsoft Visual Studio Solution File, Format Version 12.00
# Visual Studio 15
VisualStudioVersion = 15.0.28307.1913
MinimumVisualStudioVersion = 10.0.40219.1
Project("{8BC9CEB8-8B4A-11D0-8D11-00A0C91BC942}") = "GM31_220419_Dx11", "GM31_220419_Dx11\GM31_220419_Dx11.vcxproj", "{8ACC1DF5-0D40-4BB9-AB97-2A035589F546}"
EndProject
Global
	GlobalSection(SolutionConfigurationPlatforms) = preSolution
		Debug|x64 = Debug|x64
		Debug|x86 = Debug|x86
		Release|x64 = Release|x64
		Release|x86 = Release|x86
	EndGlobalSection
	GlobalSection(ProjectConfigurationPlatforms) = postSolution
		{8ACC1DF5-0D40-4BB9-AB97-2A035589F546}.Debug|x64.ActiveCfg = Debug|x64
		{8ACC1DF5-0D40-4BB9-AB97-2A035589F546}.Debug|x64.Build.0 = Debug|x64
		{8ACC1DF5-0D40-4BB9-AB97-2A035589F546}.Debug|x86.ActiveCfg = Debug|Win32
		{8ACC1DF5-0D40-4BB9-AB97-2A035589F546}.Debug|x86.Build.0 = Debug|Win32
		{8ACC1DF5-0D40-4BB9-AB97-2A035589F546}.Release|x64.ActiveCfg = Release|x64
		{8ACC1DF5-0D40-4BB9-AB97-2A035589F546}.Release|x64.Build.0 = Release|x64
		{8ACC1DF5-0D40-4BB9-AB97-2A035589F546}.Release|x86.ActiveCfg = Release|Win32
		{8ACC1DF5-0D40-4BB9-AB97-2A035589F546}.Release|x86.Build.0 = Release|Win32
	EndGlobalSection
	GlobalSection(SolutionProperties) = preSolution
		HideSolutionNode = FALSE
	EndGlobalSection
	GlobalSection(ExtensibilityGlobals) = postSolution
		SolutionGuid = {D6056ABE-686D-4ABC-8B54-B737C35D27A1}
	EndGlobalSection
EndGlobal
